
Microsoft Visual Studio Solution File, Format Version 12.00
# Visual Studio Version 17
VisualStudioVersion = 17.5.002.0
MinimumVisualStudioVersion = 10.0.40219.1
Project("{9A19103F-16F7-4668-BE54-9A1E7A4F7556}") = "01_SmallestOfThreeNumbers", "01_SmallestOfThreeNumbers\01_SmallestOfThreeNumbers.csproj", "{8EB65B4A-08B4-4DC6-9B32-90C141E102CE}"
EndProject
Project("{9A19103F-16F7-4668-BE54-9A1E7A4F7556}") = "03_CharacterInRange", "03_CharacterInRange\03_CharacterInRange.csproj", "{5ACBAD12-3418-4447-AE46-B9B809DAC243}"
EndProject
Project("{9A19103F-16F7-4668-BE54-9A1E7A4F7556}") = "02_VowelsCount", "02_VowelsCount\02_VowelsCount.csproj", "{ED6F8F1F-1AD4-49DE-8486-A30A93908E2B}"
EndProject
Global
	GlobalSection(SolutionConfigurationPlatforms) = preSolution
		Debug|Any CPU = Debug|Any CPU
		Release|Any CPU = Release|Any CPU
	EndGlobalSection
	GlobalSection(ProjectConfigurationPlatforms) = postSolution
		{8EB65B4A-08B4-4DC6-9B32-90C141E102CE}.Debug|Any CPU.ActiveCfg = Debug|Any CPU
		{8EB65B4A-08B4-4DC6-9B32-90C141E102CE}.Debug|Any CPU.Build.0 = Debug|Any CPU
		{8EB65B4A-08B4-4DC6-9B32-90C141E102CE}.Release|Any CPU.ActiveCfg = Release|Any CPU
		{8EB65B4A-08B4-4DC6-9B32-90C141E102CE}.Release|Any CPU.Build.0 = Release|Any CPU
		{5ACBAD12-3418-4447-AE46-B9B809DAC243}.Debug|Any CPU.ActiveCfg = Debug|Any CPU
		{5ACBAD12-3418-4447-AE46-B9B809DAC243}.Debug|Any CPU.Build.0 = Debug|Any CPU
		{5ACBAD12-3418-4447-AE46-B9B809DAC243}.Release|Any CPU.ActiveCfg = Release|Any CPU
		{5ACBAD12-3418-4447-AE46-B9B809DAC243}.Release|Any CPU.Build.0 = Release|Any CPU
		{ED6F8F1F-1AD4-49DE-8486-A30A93908E2B}.Debug|Any CPU.ActiveCfg = Debug|Any CPU
		{ED6F8F1F-1AD4-49DE-8486-A30A93908E2B}.Debug|Any CPU.Build.0 = Debug|Any CPU
		{ED6F8F1F-1AD4-49DE-8486-A30A93908E2B}.Release|Any CPU.ActiveCfg = Release|Any CPU
		{ED6F8F1F-1AD4-49DE-8486-A30A93908E2B}.Release|Any CPU.Build.0 = Release|Any CPU
	EndGlobalSection
	GlobalSection(SolutionProperties) = preSolution
		HideSolutionNode = FALSE
	EndGlobalSection
	GlobalSection(ExtensibilityGlobals) = postSolution
		SolutionGuid = {AE03526A-E424-4BEB-BA13-01752B67B29A}
	EndGlobalSection
EndGlobal
