
Microsoft Visual Studio Solution File, Format Version 12.00
# Visual Studio Version 17
VisualStudioVersion = 17.5.002.0
MinimumVisualStudioVersion = 10.0.40219.1
Project("{9A19103F-16F7-4668-BE54-9A1E7A4F7556}") = "01_Demo", "01_Demo\01_Demo.csproj", "{E430C073-02D9-4259-8AB1-604A58497F69}"
EndProject
Project("{2150E333-8FDC-42A3-9474-1A3956D46DE8}") = "01_Demo", "01_Demo", "{C88E06E6-976D-4AFB-88D2-38E40D8F34E9}"
EndProject
Project("{FAE04EC0-301F-11D3-BF4B-00C04F79EFBC}") = "Test2", "01_Demo\Test2\Test2.csproj", "{18845A06-008C-467B-9B03-180633189DA0}"
EndProject
Project("{FAE04EC0-301F-11D3-BF4B-00C04F79EFBC}") = "WebApplication", "WebApplication\WebApplication.csproj", "{C9C64263-7BBA-4EF5-B3D0-DA2CFF371637}"
EndProject
Global
	GlobalSection(SolutionConfigurationPlatforms) = preSolution
		Debug|Any CPU = Debug|Any CPU
		Release|Any CPU = Release|Any CPU
	EndGlobalSection
	GlobalSection(ProjectConfigurationPlatforms) = postSolution
		{E430C073-02D9-4259-8AB1-604A58497F69}.Debug|Any CPU.ActiveCfg = Debug|Any CPU
		{E430C073-02D9-4259-8AB1-604A58497F69}.Debug|Any CPU.Build.0 = Debug|Any CPU
		{E430C073-02D9-4259-8AB1-604A58497F69}.Release|Any CPU.ActiveCfg = Release|Any CPU
		{E430C073-02D9-4259-8AB1-604A58497F69}.Release|Any CPU.Build.0 = Release|Any CPU
		{18845A06-008C-467B-9B03-180633189DA0}.Debug|Any CPU.ActiveCfg = Debug|Any CPU
		{18845A06-008C-467B-9B03-180633189DA0}.Debug|Any CPU.Build.0 = Debug|Any CPU
		{18845A06-008C-467B-9B03-180633189DA0}.Release|Any CPU.ActiveCfg = Release|Any CPU
		{18845A06-008C-467B-9B03-180633189DA0}.Release|Any CPU.Build.0 = Release|Any CPU
		{C9C64263-7BBA-4EF5-B3D0-DA2CFF371637}.Debug|Any CPU.ActiveCfg = Debug|Any CPU
		{C9C64263-7BBA-4EF5-B3D0-DA2CFF371637}.Debug|Any CPU.Build.0 = Debug|Any CPU
		{C9C64263-7BBA-4EF5-B3D0-DA2CFF371637}.Release|Any CPU.ActiveCfg = Release|Any CPU
		{C9C64263-7BBA-4EF5-B3D0-DA2CFF371637}.Release|Any CPU.Build.0 = Release|Any CPU
	EndGlobalSection
	GlobalSection(SolutionProperties) = preSolution
		HideSolutionNode = FALSE
	EndGlobalSection
	GlobalSection(NestedProjects) = preSolution
		{18845A06-008C-467B-9B03-180633189DA0} = {C88E06E6-976D-4AFB-88D2-38E40D8F34E9}
	EndGlobalSection
	GlobalSection(ExtensibilityGlobals) = postSolution
		SolutionGuid = {B797B657-24BF-4A7F-85BC-E05256D815ED}
	EndGlobalSection
EndGlobal
