
Microsoft Visual Studio Solution File, Format Version 12.00
# Visual Studio Version 17
VisualStudioVersion = 17.5.002.0
MinimumVisualStudioVersion = 10.0.40219.1
Project("{9A19103F-16F7-4668-BE54-9A1E7A4F7556}") = "09_SpiceMustFlow", "09_SpiceMustFlow.csproj", "{580CF0CF-6873-421D-82E5-8EA913B75B64}"
EndProject
Global
	GlobalSection(SolutionConfigurationPlatforms) = preSolution
		Debug|Any CPU = Debug|Any CPU
		Release|Any CPU = Release|Any CPU
	EndGlobalSection
	GlobalSection(ProjectConfigurationPlatforms) = postSolution
		{580CF0CF-6873-421D-82E5-8EA913B75B64}.Debug|Any CPU.ActiveCfg = Debug|Any CPU
		{580CF0CF-6873-421D-82E5-8EA913B75B64}.Debug|Any CPU.Build.0 = Debug|Any CPU
		{580CF0CF-6873-421D-82E5-8EA913B75B64}.Release|Any CPU.ActiveCfg = Release|Any CPU
		{580CF0CF-6873-421D-82E5-8EA913B75B64}.Release|Any CPU.Build.0 = Release|Any CPU
	EndGlobalSection
	GlobalSection(SolutionProperties) = preSolution
		HideSolutionNode = FALSE
	EndGlobalSection
	GlobalSection(ExtensibilityGlobals) = postSolution
		SolutionGuid = {7E6A8ED6-EFA1-4383-930E-896D032CFB9C}
	EndGlobalSection
EndGlobal
