
Microsoft Visual Studio Solution File, Format Version 12.00
# Visual Studio Version 17
VisualStudioVersion = 17.5.002.0
MinimumVisualStudioVersion = 10.0.40219.1
Project("{9A19103F-16F7-4668-BE54-9A1E7A4F7556}") = "09_PalindromeIntegers", "09_PalindromeIntegers.csproj", "{ED015676-5526-4A5D-986F-47C338E5EA3F}"
EndProject
Global
	GlobalSection(SolutionConfigurationPlatforms) = preSolution
		Debug|Any CPU = Debug|Any CPU
		Release|Any CPU = Release|Any CPU
	EndGlobalSection
	GlobalSection(ProjectConfigurationPlatforms) = postSolution
		{ED015676-5526-4A5D-986F-47C338E5EA3F}.Debug|Any CPU.ActiveCfg = Debug|Any CPU
		{ED015676-5526-4A5D-986F-47C338E5EA3F}.Debug|Any CPU.Build.0 = Debug|Any CPU
		{ED015676-5526-4A5D-986F-47C338E5EA3F}.Release|Any CPU.ActiveCfg = Release|Any CPU
		{ED015676-5526-4A5D-986F-47C338E5EA3F}.Release|Any CPU.Build.0 = Release|Any CPU
	EndGlobalSection
	GlobalSection(SolutionProperties) = preSolution
		HideSolutionNode = FALSE
	EndGlobalSection
	GlobalSection(ExtensibilityGlobals) = postSolution
		SolutionGuid = {D5E26648-2E32-484A-B670-0DDFF8C24F36}
	EndGlobalSection
EndGlobal
