
Microsoft Visual Studio Solution File, Format Version 12.00
# Visual Studio Version 17
VisualStudioVersion = 17.5.002.0
MinimumVisualStudioVersion = 10.0.40219.1
Project("{2150E333-8FDC-42A3-9474-1A3956D46DE8}") = "02_Labs", "02_Labs", "{AAC79ADE-568A-40EC-BCCC-C6E8E06E25B6}"
EndProject
Project("{9A19103F-16F7-4668-BE54-9A1E7A4F7556}") = "09_CharsToString", "02_Labs\09_CharsToString\09_CharsToString.csproj", "{DEA21659-A8EE-4691-A773-8FE351F57980}"
EndProject
Project("{9A19103F-16F7-4668-BE54-9A1E7A4F7556}") = "12_RefactorSpecialNumbers", "02_Labs\12_RefactorSpecialNumbers\12_RefactorSpecialNumbers.csproj", "{F4DE958E-7885-466B-AD02-F285966DF252}"
EndProject
Project("{9A19103F-16F7-4668-BE54-9A1E7A4F7556}") = "10_LowerOrUpper", "02_Labs\10_LowerOrUpper\10_LowerOrUpper.csproj", "{1124337A-D148-459C-9DED-8D41CC0D2B0D}"
EndProject
Project("{9A19103F-16F7-4668-BE54-9A1E7A4F7556}") = "05_SpecialNumbers", "02_Labs\05_SpecialNumbers\05_SpecialNumbers.csproj", "{60E7B5F9-79DB-4C29-B7BA-403A4210D2C0}"
EndProject
Project("{9A19103F-16F7-4668-BE54-9A1E7A4F7556}") = "04_CenturiesToMinutes", "02_Labs\04_CenturiesToMinutes\04_CenturiesToMinutes.csproj", "{003BCCB7-105F-4C43-967D-D134D8AFDD20}"
EndProject
Project("{9A19103F-16F7-4668-BE54-9A1E7A4F7556}") = "03_ExactSumOfRealNumbers", "02_Labs\03_ExactSumOfRealNumbers\03_ExactSumOfRealNumbers.csproj", "{D008EBCB-8505-4054-B41A-2E1A1F1D35B8}"
EndProject
Project("{9A19103F-16F7-4668-BE54-9A1E7A4F7556}") = "08_TownInfo", "02_Labs\08_TownInfo\08_TownInfo.csproj", "{5F1E9F76-1727-4DD1-96DB-967B7ED9BEE4}"
EndProject
Project("{9A19103F-16F7-4668-BE54-9A1E7A4F7556}") = "11_RefactorVolumeOfPyramid", "02_Labs\11_RefactorVolumeOfPyramid\11_RefactorVolumeOfPyramid.csproj", "{5B581B66-E36A-4B48-8671-F6471687CAB9}"
EndProject
Project("{9A19103F-16F7-4668-BE54-9A1E7A4F7556}") = "02_PoundsToDollars", "02_Labs\02_PoundsToDollars\02_PoundsToDollars.csproj", "{EA077D62-427C-489B-BB25-D9703ED68FCA}"
EndProject
Project("{9A19103F-16F7-4668-BE54-9A1E7A4F7556}") = "01_IntegerAndRealNumbers", "02_Labs\01_IntegerAndRealNumbers\01_IntegerAndRealNumbers.csproj", "{4B34C8C1-2D66-4D0D-B35E-F9396A3345FB}"
EndProject
Project("{9A19103F-16F7-4668-BE54-9A1E7A4F7556}") = "07_ConcatNames", "02_Labs\07_ConcatNames\07_ConcatNames.csproj", "{41A5260E-7769-4150-A6A4-563304DA4858}"
EndProject
Project("{9A19103F-16F7-4668-BE54-9A1E7A4F7556}") = "06_ReverseChars", "02_Labs\06_ReverseChars\06_ReverseChars.csproj", "{F15F9F22-7578-4DAA-90D6-55626A55C6AF}"
EndProject
Global
	GlobalSection(SolutionConfigurationPlatforms) = preSolution
		Debug|Any CPU = Debug|Any CPU
		Release|Any CPU = Release|Any CPU
	EndGlobalSection
	GlobalSection(ProjectConfigurationPlatforms) = postSolution
		{DEA21659-A8EE-4691-A773-8FE351F57980}.Debug|Any CPU.ActiveCfg = Debug|Any CPU
		{DEA21659-A8EE-4691-A773-8FE351F57980}.Debug|Any CPU.Build.0 = Debug|Any CPU
		{DEA21659-A8EE-4691-A773-8FE351F57980}.Release|Any CPU.ActiveCfg = Release|Any CPU
		{DEA21659-A8EE-4691-A773-8FE351F57980}.Release|Any CPU.Build.0 = Release|Any CPU
		{F4DE958E-7885-466B-AD02-F285966DF252}.Debug|Any CPU.ActiveCfg = Debug|Any CPU
		{F4DE958E-7885-466B-AD02-F285966DF252}.Debug|Any CPU.Build.0 = Debug|Any CPU
		{F4DE958E-7885-466B-AD02-F285966DF252}.Release|Any CPU.ActiveCfg = Release|Any CPU
		{F4DE958E-7885-466B-AD02-F285966DF252}.Release|Any CPU.Build.0 = Release|Any CPU
		{1124337A-D148-459C-9DED-8D41CC0D2B0D}.Debug|Any CPU.ActiveCfg = Debug|Any CPU
		{1124337A-D148-459C-9DED-8D41CC0D2B0D}.Debug|Any CPU.Build.0 = Debug|Any CPU
		{1124337A-D148-459C-9DED-8D41CC0D2B0D}.Release|Any CPU.ActiveCfg = Release|Any CPU
		{1124337A-D148-459C-9DED-8D41CC0D2B0D}.Release|Any CPU.Build.0 = Release|Any CPU
		{60E7B5F9-79DB-4C29-B7BA-403A4210D2C0}.Debug|Any CPU.ActiveCfg = Debug|Any CPU
		{60E7B5F9-79DB-4C29-B7BA-403A4210D2C0}.Debug|Any CPU.Build.0 = Debug|Any CPU
		{60E7B5F9-79DB-4C29-B7BA-403A4210D2C0}.Release|Any CPU.ActiveCfg = Release|Any CPU
		{60E7B5F9-79DB-4C29-B7BA-403A4210D2C0}.Release|Any CPU.Build.0 = Release|Any CPU
		{003BCCB7-105F-4C43-967D-D134D8AFDD20}.Debug|Any CPU.ActiveCfg = Debug|Any CPU
		{003BCCB7-105F-4C43-967D-D134D8AFDD20}.Debug|Any CPU.Build.0 = Debug|Any CPU
		{003BCCB7-105F-4C43-967D-D134D8AFDD20}.Release|Any CPU.ActiveCfg = Release|Any CPU
		{003BCCB7-105F-4C43-967D-D134D8AFDD20}.Release|Any CPU.Build.0 = Release|Any CPU
		{D008EBCB-8505-4054-B41A-2E1A1F1D35B8}.Debug|Any CPU.ActiveCfg = Debug|Any CPU
		{D008EBCB-8505-4054-B41A-2E1A1F1D35B8}.Debug|Any CPU.Build.0 = Debug|Any CPU
		{D008EBCB-8505-4054-B41A-2E1A1F1D35B8}.Release|Any CPU.ActiveCfg = Release|Any CPU
		{D008EBCB-8505-4054-B41A-2E1A1F1D35B8}.Release|Any CPU.Build.0 = Release|Any CPU
		{5F1E9F76-1727-4DD1-96DB-967B7ED9BEE4}.Debug|Any CPU.ActiveCfg = Debug|Any CPU
		{5F1E9F76-1727-4DD1-96DB-967B7ED9BEE4}.Debug|Any CPU.Build.0 = Debug|Any CPU
		{5F1E9F76-1727-4DD1-96DB-967B7ED9BEE4}.Release|Any CPU.ActiveCfg = Release|Any CPU
		{5F1E9F76-1727-4DD1-96DB-967B7ED9BEE4}.Release|Any CPU.Build.0 = Release|Any CPU
		{5B581B66-E36A-4B48-8671-F6471687CAB9}.Debug|Any CPU.ActiveCfg = Debug|Any CPU
		{5B581B66-E36A-4B48-8671-F6471687CAB9}.Debug|Any CPU.Build.0 = Debug|Any CPU
		{5B581B66-E36A-4B48-8671-F6471687CAB9}.Release|Any CPU.ActiveCfg = Release|Any CPU
		{5B581B66-E36A-4B48-8671-F6471687CAB9}.Release|Any CPU.Build.0 = Release|Any CPU
		{EA077D62-427C-489B-BB25-D9703ED68FCA}.Debug|Any CPU.ActiveCfg = Debug|Any CPU
		{EA077D62-427C-489B-BB25-D9703ED68FCA}.Debug|Any CPU.Build.0 = Debug|Any CPU
		{EA077D62-427C-489B-BB25-D9703ED68FCA}.Release|Any CPU.ActiveCfg = Release|Any CPU
		{EA077D62-427C-489B-BB25-D9703ED68FCA}.Release|Any CPU.Build.0 = Release|Any CPU
		{4B34C8C1-2D66-4D0D-B35E-F9396A3345FB}.Debug|Any CPU.ActiveCfg = Debug|Any CPU
		{4B34C8C1-2D66-4D0D-B35E-F9396A3345FB}.Debug|Any CPU.Build.0 = Debug|Any CPU
		{4B34C8C1-2D66-4D0D-B35E-F9396A3345FB}.Release|Any CPU.ActiveCfg = Release|Any CPU
		{4B34C8C1-2D66-4D0D-B35E-F9396A3345FB}.Release|Any CPU.Build.0 = Release|Any CPU
		{41A5260E-7769-4150-A6A4-563304DA4858}.Debug|Any CPU.ActiveCfg = Debug|Any CPU
		{41A5260E-7769-4150-A6A4-563304DA4858}.Debug|Any CPU.Build.0 = Debug|Any CPU
		{41A5260E-7769-4150-A6A4-563304DA4858}.Release|Any CPU.ActiveCfg = Release|Any CPU
		{41A5260E-7769-4150-A6A4-563304DA4858}.Release|Any CPU.Build.0 = Release|Any CPU
		{F15F9F22-7578-4DAA-90D6-55626A55C6AF}.Debug|Any CPU.ActiveCfg = Debug|Any CPU
		{F15F9F22-7578-4DAA-90D6-55626A55C6AF}.Debug|Any CPU.Build.0 = Debug|Any CPU
		{F15F9F22-7578-4DAA-90D6-55626A55C6AF}.Release|Any CPU.ActiveCfg = Release|Any CPU
		{F15F9F22-7578-4DAA-90D6-55626A55C6AF}.Release|Any CPU.Build.0 = Release|Any CPU
	EndGlobalSection
	GlobalSection(SolutionProperties) = preSolution
		HideSolutionNode = FALSE
	EndGlobalSection
	GlobalSection(NestedProjects) = preSolution
		{DEA21659-A8EE-4691-A773-8FE351F57980} = {AAC79ADE-568A-40EC-BCCC-C6E8E06E25B6}
		{F4DE958E-7885-466B-AD02-F285966DF252} = {AAC79ADE-568A-40EC-BCCC-C6E8E06E25B6}
		{1124337A-D148-459C-9DED-8D41CC0D2B0D} = {AAC79ADE-568A-40EC-BCCC-C6E8E06E25B6}
		{60E7B5F9-79DB-4C29-B7BA-403A4210D2C0} = {AAC79ADE-568A-40EC-BCCC-C6E8E06E25B6}
		{003BCCB7-105F-4C43-967D-D134D8AFDD20} = {AAC79ADE-568A-40EC-BCCC-C6E8E06E25B6}
		{D008EBCB-8505-4054-B41A-2E1A1F1D35B8} = {AAC79ADE-568A-40EC-BCCC-C6E8E06E25B6}
		{5F1E9F76-1727-4DD1-96DB-967B7ED9BEE4} = {AAC79ADE-568A-40EC-BCCC-C6E8E06E25B6}
		{5B581B66-E36A-4B48-8671-F6471687CAB9} = {AAC79ADE-568A-40EC-BCCC-C6E8E06E25B6}
		{EA077D62-427C-489B-BB25-D9703ED68FCA} = {AAC79ADE-568A-40EC-BCCC-C6E8E06E25B6}
		{4B34C8C1-2D66-4D0D-B35E-F9396A3345FB} = {AAC79ADE-568A-40EC-BCCC-C6E8E06E25B6}
		{41A5260E-7769-4150-A6A4-563304DA4858} = {AAC79ADE-568A-40EC-BCCC-C6E8E06E25B6}
		{F15F9F22-7578-4DAA-90D6-55626A55C6AF} = {AAC79ADE-568A-40EC-BCCC-C6E8E06E25B6}
	EndGlobalSection
	GlobalSection(ExtensibilityGlobals) = postSolution
		SolutionGuid = {FA939C10-3B59-440D-962D-C5FCDCEDD78E}
	EndGlobalSection
EndGlobal
