
Microsoft Visual Studio Solution File, Format Version 12.00
# Visual Studio Version 17
VisualStudioVersion = 17.5.002.0
MinimumVisualStudioVersion = 10.0.40219.1
Project("{9A19103F-16F7-4668-BE54-9A1E7A4F7556}") = "09_KaminoFactory", "09_KaminoFactory.csproj", "{AC2E8D94-658B-4B67-9543-0AC023268685}"
EndProject
Global
	GlobalSection(SolutionConfigurationPlatforms) = preSolution
		Debug|Any CPU = Debug|Any CPU
		Release|Any CPU = Release|Any CPU
	EndGlobalSection
	GlobalSection(ProjectConfigurationPlatforms) = postSolution
		{AC2E8D94-658B-4B67-9543-0AC023268685}.Debug|Any CPU.ActiveCfg = Debug|Any CPU
		{AC2E8D94-658B-4B67-9543-0AC023268685}.Debug|Any CPU.Build.0 = Debug|Any CPU
		{AC2E8D94-658B-4B67-9543-0AC023268685}.Release|Any CPU.ActiveCfg = Release|Any CPU
		{AC2E8D94-658B-4B67-9543-0AC023268685}.Release|Any CPU.Build.0 = Release|Any CPU
	EndGlobalSection
	GlobalSection(SolutionProperties) = preSolution
		HideSolutionNode = FALSE
	EndGlobalSection
	GlobalSection(ExtensibilityGlobals) = postSolution
		SolutionGuid = {8E16E76B-0569-4D05-B31D-DA9F4FB3BBAF}
	EndGlobalSection
EndGlobal
