
Microsoft Visual Studio Solution File, Format Version 12.00
# Visual Studio Version 17
VisualStudioVersion = 17.5.002.0
MinimumVisualStudioVersion = 10.0.40219.1
Project("{9A19103F-16F7-4668-BE54-9A1E7A4F7556}") = "02_ChangeList", "02_ChangeList.csproj", "{FBE337CB-5DE3-4209-81C8-873F9CA5161F}"
EndProject
Global
	GlobalSection(SolutionConfigurationPlatforms) = preSolution
		Debug|Any CPU = Debug|Any CPU
		Release|Any CPU = Release|Any CPU
	EndGlobalSection
	GlobalSection(ProjectConfigurationPlatforms) = postSolution
		{FBE337CB-5DE3-4209-81C8-873F9CA5161F}.Debug|Any CPU.ActiveCfg = Debug|Any CPU
		{FBE337CB-5DE3-4209-81C8-873F9CA5161F}.Debug|Any CPU.Build.0 = Debug|Any CPU
		{FBE337CB-5DE3-4209-81C8-873F9CA5161F}.Release|Any CPU.ActiveCfg = Release|Any CPU
		{FBE337CB-5DE3-4209-81C8-873F9CA5161F}.Release|Any CPU.Build.0 = Release|Any CPU
	EndGlobalSection
	GlobalSection(SolutionProperties) = preSolution
		HideSolutionNode = FALSE
	EndGlobalSection
	GlobalSection(ExtensibilityGlobals) = postSolution
		SolutionGuid = {20990C13-0245-4C05-8190-E5F02484E81C}
	EndGlobalSection
EndGlobal
