
Microsoft Visual Studio Solution File, Format Version 12.00
# Visual Studio Version 17
VisualStudioVersion = 17.5.002.0
MinimumVisualStudioVersion = 10.0.40219.1
Project("{9A19103F-16F7-4668-BE54-9A1E7A4F7556}") = "08_MagicSum", "08_MagicSum.csproj", "{B7A50F9E-757B-4568-991A-B2DB76B0B06E}"
EndProject
Global
	GlobalSection(SolutionConfigurationPlatforms) = preSolution
		Debug|Any CPU = Debug|Any CPU
		Release|Any CPU = Release|Any CPU
	EndGlobalSection
	GlobalSection(ProjectConfigurationPlatforms) = postSolution
		{B7A50F9E-757B-4568-991A-B2DB76B0B06E}.Debug|Any CPU.ActiveCfg = Debug|Any CPU
		{B7A50F9E-757B-4568-991A-B2DB76B0B06E}.Debug|Any CPU.Build.0 = Debug|Any CPU
		{B7A50F9E-757B-4568-991A-B2DB76B0B06E}.Release|Any CPU.ActiveCfg = Release|Any CPU
		{B7A50F9E-757B-4568-991A-B2DB76B0B06E}.Release|Any CPU.Build.0 = Release|Any CPU
	EndGlobalSection
	GlobalSection(SolutionProperties) = preSolution
		HideSolutionNode = FALSE
	EndGlobalSection
	GlobalSection(ExtensibilityGlobals) = postSolution
		SolutionGuid = {C5E52EB6-6DBC-450F-A307-CA07262D46D2}
	EndGlobalSection
EndGlobal
